# THIS IS AN AUTOGENERATED FILE. DO NOT EDIT THIS FILE DIRECTLY.
# yarn lockfile v1


"@oneschema/importer@^0.1.7":
  version "0.1.7"
  resolved "https://registry.yarnpkg.com/@oneschema/importer/-/importer-0.1.7.tgz#7dbb0ed35d883f849e4228941c907ba73e6f7a5f"
  integrity sha512-bjlDci2abRzUUUOD4dfVaDGNJufbzvHak9dtei/X/YelLjl1ZeK1UscJiaGksogzftxCSfzfpqaRugdRhAR0Fw==
  dependencies:
    eventemitter3 "^4.0.7"

eventemitter3@^4.0.7:
  version "4.0.7"
  resolved "https://registry.yarnpkg.com/eventemitter3/-/eventemitter3-4.0.7.tgz#2de9b68f6528d5644ef5c59526a1b4a07306169f"
  integrity sha512-8guHBZCwKnFhYdHr2ysuRWErTwhoN2X8XELRlrRwpmfeY2jjuUN4taQMsULKUVo1K4DvZl+0pgfyoysHxvmvEw==

tslib@^2.3.0:
  version "2.4.0"
  resolved "https://registry.yarnpkg.com/tslib/-/tslib-2.4.0.tgz#7cecaa7f073ce680a05847aa77be941098f36dc3"
  integrity sha512-d6xOpEDfsi2CZVlPQzGeux8XMwLT9hssAsaPYExaQMuYskwb+x1x7J371tWlbBdWHroy99KnVB6qIkUbs5X3UQ==
